
Microsoft Visual Studio Solution File, Format Version 12.00
# Visual Studio Version 17
VisualStudioVersion = 17.13.35919.96 d17.13
MinimumVisualStudioVersion = 10.0.40219.1
Project("{FAE04EC0-301F-11D3-BF4B-00C04F79EFBC}") = "MocupAppBiodataDiri", "MocupAppBiodataDiri\MocupAppBiodataDiri.csproj", "{358C5CC6-7E91-4571-A406-7B1F862409E3}"
EndProject
Global
	GlobalSection(SolutionConfigurationPlatforms) = preSolution
		Debug|Any CPU = Debug|Any CPU
		Release|Any CPU = Release|Any CPU
	EndGlobalSection
	GlobalSection(ProjectConfigurationPlatforms) = postSolution
		{358C5CC6-7E91-4571-A406-7B1F862409E3}.Debug|Any CPU.ActiveCfg = Debug|Any CPU
		{358C5CC6-7E91-4571-A406-7B1F862409E3}.Debug|Any CPU.Build.0 = Debug|Any CPU
		{358C5CC6-7E91-4571-A406-7B1F862409E3}.Release|Any CPU.ActiveCfg = Release|Any CPU
		{358C5CC6-7E91-4571-A406-7B1F862409E3}.Release|Any CPU.Build.0 = Release|Any CPU
	EndGlobalSection
	GlobalSection(SolutionProperties) = preSolution
		HideSolutionNode = FALSE
	EndGlobalSection
	GlobalSection(ExtensibilityGlobals) = postSolution
		SolutionGuid = {42E12219-3596-4207-B1F2-28BFEFF7D470}
	EndGlobalSection
EndGlobal
